
Microsoft Visual Studio Solution File, Format Version 12.00
# Visual Studio Version 16
VisualStudioVersion = 16.0.31019.35
MinimumVisualStudioVersion = 15.0.26124.0
Project("{2150E333-8FDC-42A3-9474-1A3956D46DE8}") = "src", "src", "{E48778DF-4E55-4AC3-8BB1-B30E501CBC85}"
EndProject
Project("{9A19103F-16F7-4668-BE54-9A1E7A4F7556}") = "CarPark.API", "src\CarPark.API\CarPark.API.csproj", "{A6ABF088-4ED6-460F-BB5C-E8CB7A20485A}"
EndProject
Project("{2150E333-8FDC-42A3-9474-1A3956D46DE8}") = "tests", "tests", "{2809BDE3-5062-4D82-BEEB-0A057CA67C6E}"
EndProject
Project("{9A19103F-16F7-4668-BE54-9A1E7A4F7556}") = "Application.Tests", "tests\API.Tests\Application.Tests.csproj", "{DFD99DE1-5B91-41CE-84C5-6984DE0A4E77}"
EndProject
Project("{FAE04EC0-301F-11D3-BF4B-00C04F79EFBC}") = "CarPark.Domain", "src\CarPark.Domain\CarPark.Domain.csproj", "{A124CA75-C344-415D-A42D-A164ED989AF7}"
EndProject
Project("{FAE04EC0-301F-11D3-BF4B-00C04F79EFBC}") = "CarPark.Infrastructure", "src\CarPark.Infrastructure\CarPark.Infrastructure.csproj", "{9B8C2256-A60E-480F-929D-3670B1132649}"
EndProject
Project("{FAE04EC0-301F-11D3-BF4B-00C04F79EFBC}") = "CarPark.Application", "src\CarPark.Application\CarPark.Application.csproj", "{90C96535-0A38-4FC6-8D5F-FC364FCA0FFA}"
EndProject
Project("{FAE04EC0-301F-11D3-BF4B-00C04F79EFBC}") = "CarPark.Common", "src\CarPark.Common\CarPark.Common.csproj", "{AF898C92-8701-41F9-8DEF-B45576101149}"
EndProject
Global
	GlobalSection(SolutionConfigurationPlatforms) = preSolution
		Debug|Any CPU = Debug|Any CPU
		Debug|x64 = Debug|x64
		Debug|x86 = Debug|x86
		Release|Any CPU = Release|Any CPU
		Release|x64 = Release|x64
		Release|x86 = Release|x86
	EndGlobalSection
	GlobalSection(ProjectConfigurationPlatforms) = postSolution
		{A6ABF088-4ED6-460F-BB5C-E8CB7A20485A}.Debug|Any CPU.ActiveCfg = Debug|Any CPU
		{A6ABF088-4ED6-460F-BB5C-E8CB7A20485A}.Debug|Any CPU.Build.0 = Debug|Any CPU
		{A6ABF088-4ED6-460F-BB5C-E8CB7A20485A}.Debug|x64.ActiveCfg = Debug|Any CPU
		{A6ABF088-4ED6-460F-BB5C-E8CB7A20485A}.Debug|x64.Build.0 = Debug|Any CPU
		{A6ABF088-4ED6-460F-BB5C-E8CB7A20485A}.Debug|x86.ActiveCfg = Debug|Any CPU
		{A6ABF088-4ED6-460F-BB5C-E8CB7A20485A}.Debug|x86.Build.0 = Debug|Any CPU
		{A6ABF088-4ED6-460F-BB5C-E8CB7A20485A}.Release|Any CPU.ActiveCfg = Release|Any CPU
		{A6ABF088-4ED6-460F-BB5C-E8CB7A20485A}.Release|Any CPU.Build.0 = Release|Any CPU
		{A6ABF088-4ED6-460F-BB5C-E8CB7A20485A}.Release|x64.ActiveCfg = Release|Any CPU
		{A6ABF088-4ED6-460F-BB5C-E8CB7A20485A}.Release|x64.Build.0 = Release|Any CPU
		{A6ABF088-4ED6-460F-BB5C-E8CB7A20485A}.Release|x86.ActiveCfg = Release|Any CPU
		{A6ABF088-4ED6-460F-BB5C-E8CB7A20485A}.Release|x86.Build.0 = Release|Any CPU
		{DFD99DE1-5B91-41CE-84C5-6984DE0A4E77}.Debug|Any CPU.ActiveCfg = Debug|Any CPU
		{DFD99DE1-5B91-41CE-84C5-6984DE0A4E77}.Debug|Any CPU.Build.0 = Debug|Any CPU
		{DFD99DE1-5B91-41CE-84C5-6984DE0A4E77}.Debug|x64.ActiveCfg = Debug|Any CPU
		{DFD99DE1-5B91-41CE-84C5-6984DE0A4E77}.Debug|x64.Build.0 = Debug|Any CPU
		{DFD99DE1-5B91-41CE-84C5-6984DE0A4E77}.Debug|x86.ActiveCfg = Debug|Any CPU
		{DFD99DE1-5B91-41CE-84C5-6984DE0A4E77}.Debug|x86.Build.0 = Debug|Any CPU
		{DFD99DE1-5B91-41CE-84C5-6984DE0A4E77}.Release|Any CPU.ActiveCfg = Release|Any CPU
		{DFD99DE1-5B91-41CE-84C5-6984DE0A4E77}.Release|Any CPU.Build.0 = Release|Any CPU
		{DFD99DE1-5B91-41CE-84C5-6984DE0A4E77}.Release|x64.ActiveCfg = Release|Any CPU
		{DFD99DE1-5B91-41CE-84C5-6984DE0A4E77}.Release|x64.Build.0 = Release|Any CPU
		{DFD99DE1-5B91-41CE-84C5-6984DE0A4E77}.Release|x86.ActiveCfg = Release|Any CPU
		{DFD99DE1-5B91-41CE-84C5-6984DE0A4E77}.Release|x86.Build.0 = Release|Any CPU
		{A124CA75-C344-415D-A42D-A164ED989AF7}.Debug|Any CPU.ActiveCfg = Debug|Any CPU
		{A124CA75-C344-415D-A42D-A164ED989AF7}.Debug|Any CPU.Build.0 = Debug|Any CPU
		{A124CA75-C344-415D-A42D-A164ED989AF7}.Debug|x64.ActiveCfg = Debug|Any CPU
		{A124CA75-C344-415D-A42D-A164ED989AF7}.Debug|x64.Build.0 = Debug|Any CPU
		{A124CA75-C344-415D-A42D-A164ED989AF7}.Debug|x86.ActiveCfg = Debug|Any CPU
		{A124CA75-C344-415D-A42D-A164ED989AF7}.Debug|x86.Build.0 = Debug|Any CPU
		{A124CA75-C344-415D-A42D-A164ED989AF7}.Release|Any CPU.ActiveCfg = Release|Any CPU
		{A124CA75-C344-415D-A42D-A164ED989AF7}.Release|Any CPU.Build.0 = Release|Any CPU
		{A124CA75-C344-415D-A42D-A164ED989AF7}.Release|x64.ActiveCfg = Release|Any CPU
		{A124CA75-C344-415D-A42D-A164ED989AF7}.Release|x64.Build.0 = Release|Any CPU
		{A124CA75-C344-415D-A42D-A164ED989AF7}.Release|x86.ActiveCfg = Release|Any CPU
		{A124CA75-C344-415D-A42D-A164ED989AF7}.Release|x86.Build.0 = Release|Any CPU
		{9B8C2256-A60E-480F-929D-3670B1132649}.Debug|Any CPU.ActiveCfg = Debug|Any CPU
		{9B8C2256-A60E-480F-929D-3670B1132649}.Debug|Any CPU.Build.0 = Debug|Any CPU
		{9B8C2256-A60E-480F-929D-3670B1132649}.Debug|x64.ActiveCfg = Debug|Any CPU
		{9B8C2256-A60E-480F-929D-3670B1132649}.Debug|x64.Build.0 = Debug|Any CPU
		{9B8C2256-A60E-480F-929D-3670B1132649}.Debug|x86.ActiveCfg = Debug|Any CPU
		{9B8C2256-A60E-480F-929D-3670B1132649}.Debug|x86.Build.0 = Debug|Any CPU
		{9B8C2256-A60E-480F-929D-3670B1132649}.Release|Any CPU.ActiveCfg = Release|Any CPU
		{9B8C2256-A60E-480F-929D-3670B1132649}.Release|Any CPU.Build.0 = Release|Any CPU
		{9B8C2256-A60E-480F-929D-3670B1132649}.Release|x64.ActiveCfg = Release|Any CPU
		{9B8C2256-A60E-480F-929D-3670B1132649}.Release|x64.Build.0 = Release|Any CPU
		{9B8C2256-A60E-480F-929D-3670B1132649}.Release|x86.ActiveCfg = Release|Any CPU
		{9B8C2256-A60E-480F-929D-3670B1132649}.Release|x86.Build.0 = Release|Any CPU
		{90C96535-0A38-4FC6-8D5F-FC364FCA0FFA}.Debug|Any CPU.ActiveCfg = Debug|Any CPU
		{90C96535-0A38-4FC6-8D5F-FC364FCA0FFA}.Debug|Any CPU.Build.0 = Debug|Any CPU
		{90C96535-0A38-4FC6-8D5F-FC364FCA0FFA}.Debug|x64.ActiveCfg = Debug|Any CPU
		{90C96535-0A38-4FC6-8D5F-FC364FCA0FFA}.Debug|x64.Build.0 = Debug|Any CPU
		{90C96535-0A38-4FC6-8D5F-FC364FCA0FFA}.Debug|x86.ActiveCfg = Debug|Any CPU
		{90C96535-0A38-4FC6-8D5F-FC364FCA0FFA}.Debug|x86.Build.0 = Debug|Any CPU
		{90C96535-0A38-4FC6-8D5F-FC364FCA0FFA}.Release|Any CPU.ActiveCfg = Release|Any CPU
		{90C96535-0A38-4FC6-8D5F-FC364FCA0FFA}.Release|Any CPU.Build.0 = Release|Any CPU
		{90C96535-0A38-4FC6-8D5F-FC364FCA0FFA}.Release|x64.ActiveCfg = Release|Any CPU
		{90C96535-0A38-4FC6-8D5F-FC364FCA0FFA}.Release|x64.Build.0 = Release|Any CPU
		{90C96535-0A38-4FC6-8D5F-FC364FCA0FFA}.Release|x86.ActiveCfg = Release|Any CPU
		{90C96535-0A38-4FC6-8D5F-FC364FCA0FFA}.Release|x86.Build.0 = Release|Any CPU
		{AF898C92-8701-41F9-8DEF-B45576101149}.Debug|Any CPU.ActiveCfg = Debug|Any CPU
		{AF898C92-8701-41F9-8DEF-B45576101149}.Debug|Any CPU.Build.0 = Debug|Any CPU
		{AF898C92-8701-41F9-8DEF-B45576101149}.Debug|x64.ActiveCfg = Debug|Any CPU
		{AF898C92-8701-41F9-8DEF-B45576101149}.Debug|x64.Build.0 = Debug|Any CPU
		{AF898C92-8701-41F9-8DEF-B45576101149}.Debug|x86.ActiveCfg = Debug|Any CPU
		{AF898C92-8701-41F9-8DEF-B45576101149}.Debug|x86.Build.0 = Debug|Any CPU
		{AF898C92-8701-41F9-8DEF-B45576101149}.Release|Any CPU.ActiveCfg = Release|Any CPU
		{AF898C92-8701-41F9-8DEF-B45576101149}.Release|Any CPU.Build.0 = Release|Any CPU
		{AF898C92-8701-41F9-8DEF-B45576101149}.Release|x64.ActiveCfg = Release|Any CPU
		{AF898C92-8701-41F9-8DEF-B45576101149}.Release|x64.Build.0 = Release|Any CPU
		{AF898C92-8701-41F9-8DEF-B45576101149}.Release|x86.ActiveCfg = Release|Any CPU
		{AF898C92-8701-41F9-8DEF-B45576101149}.Release|x86.Build.0 = Release|Any CPU
	EndGlobalSection
	GlobalSection(SolutionProperties) = preSolution
		HideSolutionNode = FALSE
	EndGlobalSection
	GlobalSection(NestedProjects) = preSolution
		{A6ABF088-4ED6-460F-BB5C-E8CB7A20485A} = {E48778DF-4E55-4AC3-8BB1-B30E501CBC85}
		{DFD99DE1-5B91-41CE-84C5-6984DE0A4E77} = {2809BDE3-5062-4D82-BEEB-0A057CA67C6E}
		{A124CA75-C344-415D-A42D-A164ED989AF7} = {E48778DF-4E55-4AC3-8BB1-B30E501CBC85}
		{9B8C2256-A60E-480F-929D-3670B1132649} = {E48778DF-4E55-4AC3-8BB1-B30E501CBC85}
		{90C96535-0A38-4FC6-8D5F-FC364FCA0FFA} = {E48778DF-4E55-4AC3-8BB1-B30E501CBC85}
		{AF898C92-8701-41F9-8DEF-B45576101149} = {E48778DF-4E55-4AC3-8BB1-B30E501CBC85}
	EndGlobalSection
	GlobalSection(ExtensibilityGlobals) = postSolution
		SolutionGuid = {539A2397-3659-4115-AEA8-9568CEE7AE27}
	EndGlobalSection
EndGlobal
